{
  "name": "diccore",
  "version": "1.0.0",
  "lockfileVersion": 1,
  "requires": true,
  "dependencies": {
    "adler32": {
      "version": "0.1.7",
      "resolved": "https://registry.npmjs.org/adler32/-/adler32-0.1.7.tgz",
      "integrity": "sha1-UFKssCwCZQ19WLuMTsBXvncTVpA="
    },
    "bindings": {
      "version": "1.4.0",
      "resolved": "https://registry.npmjs.org/bindings/-/bindings-1.4.0.tgz",
      "integrity": "sha512-7znEVX22Djn+nYjxCWKDne0RRloa9XfYa84yk3s+HkE3LpDYZmhArYr9O9huBoHY3/oXispx5LorIX7Sl2CgSQ==",
      "requires": {
        "file-uri-to-path": "1.0.0"
      }
    },
    "crypto-api": {
      "version": "0.8.3",
      "resolved": "https://registry.npmjs.org/crypto-api/-/crypto-api-0.8.3.tgz",
      "integrity": "sha512-ZhUQvYTn5DpW2aS8F/OezedZPniCNcJhpP4Njrsuyt+9Y9400ht5Wue7w3D/dZWgekF+W7fz4bYUKf6u/waiGQ=="
    },
    "crypto-js": {
      "version": "3.1.9-1",
      "resolved": "https://registry.npmjs.org/crypto-js/-/crypto-js-3.1.9-1.tgz",
      "integrity": "sha1-/aGedh/Ad+Af+/3G6f38WeiAbNg="
    },
    "file-uri-to-path": {
      "version": "1.0.0",
      "resolved": "https://registry.npmjs.org/file-uri-to-path/-/file-uri-to-path-1.0.0.tgz",
      "integrity": "sha512-0Zt+s3L7Vf1biwWZ29aARiVYLx7iMGnEUl9x33fbB/j3jR81u/O2LbqK+Bm1CDSNDKVtJ/YjwY7TUd5SkeLQLw=="
    },
    "long": {
      "version": "3.2.0",
      "resolved": "https://registry.npmjs.org/long/-/long-3.2.0.tgz",
      "integrity": "sha1-2CG3E4yhy1gcFymQ7xTbIAtcR0s="
    },
    "lzo-decompress": {
      "version": "0.1.2",
      "resolved": "https://registry.npmjs.org/lzo-decompress/-/lzo-decompress-0.1.2.tgz",
      "integrity": "sha512-hwZOB61BN+SzsR4PGldRucyCoIRWWlAN4lhkTDI7+TIQZBkjDpzQOGUYK378I3p3YcdnmgUz1WOKExz4K+pe9w==",
      "requires": {
        "napi-macros": "1.7.0",
        "node-gyp-build": "3.5.0"
      }
    },
    "napi-macros": {
      "version": "1.7.0",
      "resolved": "https://registry.npmjs.org/napi-macros/-/napi-macros-1.7.0.tgz",
      "integrity": "sha512-aXsAk51RqOamRUVmqRFJ4LR35T6jHPo6WHyHjzLqHrueDqud0vIqPrRBSCjVL9LtH+8cRjI+4oH9uW9fHG4zKg=="
    },
    "node-gyp-build": {
      "version": "3.5.0",
      "resolved": "https://registry.npmjs.org/node-gyp-build/-/node-gyp-build-3.5.0.tgz",
      "integrity": "sha512-qjEE8eIWVyqZhkAFUzytGpOGvLHeX5kXBB6MYyTOCPZBrBlsLyXAAzTsp/hWMbVlg8kVpzDJCZZowIrnKpwmqQ=="
    },
    "python-struct": {
      "version": "1.0.6",
      "resolved": "https://registry.npmjs.org/python-struct/-/python-struct-1.0.6.tgz",
      "integrity": "sha512-r40v2MDFZKNBECMuo/oih6wInNEFXX0gmQgCJH4R7VULJsQDwcE95004r7A8iy1tDipgcZDyF8H6Tc2bhJdRZQ==",
      "requires": {
        "long": "^3.2.0"
      }
    },
    "streamifier": {
      "version": "0.1.1",
      "resolved": "https://registry.npmjs.org/streamifier/-/streamifier-0.1.1.tgz",
      "integrity": "sha1-l+mNj6TRBdYqJpHR3AfoINuN/E8="
    },
    "utf8": {
      "version": "3.0.0",
      "resolved": "https://registry.npmjs.org/utf8/-/utf8-3.0.0.tgz",
      "integrity": "sha512-E8VjFIQ/TyQgp+TZfS6l8yp/xWppSAHzidGiRrqe4bK4XP9pTRyKFgGJpO3SN7zdX4DeomTrwaseCHovfpFcqQ=="
    }
  }
}
