{
  "name": "diccore",
  "version": "1.0.0",
  "lockfileVersion": 1,
  "requires": true,
  "dependencies": {
    "adler32": {
      "version": "0.1.7",
      "resolved": "https://registry.npmjs.org/adler32/-/adler32-0.1.7.tgz",
      "integrity": "sha1-UFKssCwCZQ19WLuMTsBXvncTVpA="
    },
    "crypto-api": {
      "version": "0.8.3",
      "resolved": "https://registry.npmjs.org/crypto-api/-/crypto-api-0.8.3.tgz",
      "integrity": "sha512-ZhUQvYTn5DpW2aS8F/OezedZPniCNcJhpP4Njrsuyt+9Y9400ht5Wue7w3D/dZWgekF+W7fz4bYUKf6u/waiGQ=="
    },
    "long": {
      "version": "3.2.0",
      "resolved": "https://registry.npmjs.org/long/-/long-3.2.0.tgz",
      "integrity": "sha1-2CG3E4yhy1gcFymQ7xTbIAtcR0s="
    },
    "python-struct": {
      "version": "1.0.6",
      "resolved": "https://registry.npmjs.org/python-struct/-/python-struct-1.0.6.tgz",
      "integrity": "sha512-r40v2MDFZKNBECMuo/oih6wInNEFXX0gmQgCJH4R7VULJsQDwcE95004r7A8iy1tDipgcZDyF8H6Tc2bhJdRZQ==",
      "requires": {
        "long": "3.2.0"
      }
    },
    "streamifier": {
      "version": "0.1.1",
      "resolved": "https://registry.npmjs.org/streamifier/-/streamifier-0.1.1.tgz",
      "integrity": "sha1-l+mNj6TRBdYqJpHR3AfoINuN/E8="
    },
    "utf8": {
      "version": "3.0.0",
      "resolved": "https://registry.npmjs.org/utf8/-/utf8-3.0.0.tgz",
      "integrity": "sha512-E8VjFIQ/TyQgp+TZfS6l8yp/xWppSAHzidGiRrqe4bK4XP9pTRyKFgGJpO3SN7zdX4DeomTrwaseCHovfpFcqQ=="
    }
  }
}
